
Microsoft Visual Studio Solution File, Format Version 12.00
# Visual Studio Version 17
VisualStudioVersion = 17.9.34714.143
MinimumVisualStudioVersion = 10.0.40219.1
Project("{8BC9CEB8-8B4A-11D0-8D11-00A0C91BC942}") = "Advanced Heap Manager", "Advanced Heap Manager\Advanced Heap Manager.vcxproj", "{531844DA-EAEE-4E06-97A6-972882CFF186}"
EndProject
Project("{8BC9CEB8-8B4A-11D0-8D11-00A0C91BC942}") = "DynamicLoadClient", "DynamicLoadClient\DynamicLoadClient.vcxproj", "{568F1D47-D44C-4CD8-BEA8-0832E2186EEE}"
EndProject
Project("{8BC9CEB8-8B4A-11D0-8D11-00A0C91BC942}") = "MaxLoadClient", "MaxLoadClient\MaxLoadClient.vcxproj", "{E7FA232D-C000-46B1-9A03-161870CE259C}"
EndProject
Global
	GlobalSection(SolutionConfigurationPlatforms) = preSolution
		Debug|x64 = Debug|x64
		Debug|x86 = Debug|x86
		Release|x64 = Release|x64
		Release|x86 = Release|x86
	EndGlobalSection
	GlobalSection(ProjectConfigurationPlatforms) = postSolution
		{531844DA-EAEE-4E06-97A6-972882CFF186}.Debug|x64.ActiveCfg = Debug|x64
		{531844DA-EAEE-4E06-97A6-972882CFF186}.Debug|x64.Build.0 = Debug|x64
		{531844DA-EAEE-4E06-97A6-972882CFF186}.Debug|x86.ActiveCfg = Debug|Win32
		{531844DA-EAEE-4E06-97A6-972882CFF186}.Debug|x86.Build.0 = Debug|Win32
		{531844DA-EAEE-4E06-97A6-972882CFF186}.Release|x64.ActiveCfg = Release|x64
		{531844DA-EAEE-4E06-97A6-972882CFF186}.Release|x64.Build.0 = Release|x64
		{531844DA-EAEE-4E06-97A6-972882CFF186}.Release|x86.ActiveCfg = Release|Win32
		{531844DA-EAEE-4E06-97A6-972882CFF186}.Release|x86.Build.0 = Release|Win32
		{568F1D47-D44C-4CD8-BEA8-0832E2186EEE}.Debug|x64.ActiveCfg = Debug|x64
		{568F1D47-D44C-4CD8-BEA8-0832E2186EEE}.Debug|x64.Build.0 = Debug|x64
		{568F1D47-D44C-4CD8-BEA8-0832E2186EEE}.Debug|x86.ActiveCfg = Debug|Win32
		{568F1D47-D44C-4CD8-BEA8-0832E2186EEE}.Debug|x86.Build.0 = Debug|Win32
		{568F1D47-D44C-4CD8-BEA8-0832E2186EEE}.Release|x64.ActiveCfg = Release|x64
		{568F1D47-D44C-4CD8-BEA8-0832E2186EEE}.Release|x64.Build.0 = Release|x64
		{568F1D47-D44C-4CD8-BEA8-0832E2186EEE}.Release|x86.ActiveCfg = Release|Win32
		{568F1D47-D44C-4CD8-BEA8-0832E2186EEE}.Release|x86.Build.0 = Release|Win32
		{E7FA232D-C000-46B1-9A03-161870CE259C}.Debug|x64.ActiveCfg = Debug|x64
		{E7FA232D-C000-46B1-9A03-161870CE259C}.Debug|x64.Build.0 = Debug|x64
		{E7FA232D-C000-46B1-9A03-161870CE259C}.Debug|x86.ActiveCfg = Debug|Win32
		{E7FA232D-C000-46B1-9A03-161870CE259C}.Debug|x86.Build.0 = Debug|Win32
		{E7FA232D-C000-46B1-9A03-161870CE259C}.Release|x64.ActiveCfg = Release|x64
		{E7FA232D-C000-46B1-9A03-161870CE259C}.Release|x64.Build.0 = Release|x64
		{E7FA232D-C000-46B1-9A03-161870CE259C}.Release|x86.ActiveCfg = Release|Win32
		{E7FA232D-C000-46B1-9A03-161870CE259C}.Release|x86.Build.0 = Release|Win32
	EndGlobalSection
	GlobalSection(SolutionProperties) = preSolution
		HideSolutionNode = FALSE
	EndGlobalSection
	GlobalSection(ExtensibilityGlobals) = postSolution
		SolutionGuid = {9725AC56-E9CB-4437-B951-9C7EE60D1134}
	EndGlobalSection
EndGlobal
